// !$*UTF8*$!
{
	archiveVersion = 1;
	classes = {
	};
	objectVersion = 52;
	objects = {

/* Begin PBXBuildFile section */
		FDC9D35426AD2B6500C180CC /* AppDelegate.swift in Sources */ = {isa = PBXBuildFile; fileRef = FDC9D35326AD2B6500C180CC /* AppDelegate.swift */; };
		FDC9D35626AD2B6500C180CC /* SceneDelegate.swift in Sources */ = {isa = PBXBuildFile; fileRef = FDC9D35526AD2B6500C180CC /* SceneDelegate.swift */; };
		FDC9D35826AD2B6500C180CC /* ViewController.swift in Sources */ = {isa = PBXBuildFile; fileRef = FDC9D35726AD2B6500C180CC /* ViewController.swift */; };
		FDC9D35B26AD2B6500C180CC /* Main.storyboard in Resources */ = {isa = PBXBuildFile; fileRef = FDC9D35926AD2B6500C180CC /* Main.storyboard */; };
		FDC9D35D26AD2B6900C180CC /* Assets.xcassets in Resources */ = {isa = PBXBuildFile; fileRef = FDC9D35C26AD2B6900C180CC /* Assets.xcassets */; };
		FDC9D36026AD2B6900C180CC /* LaunchScreen.storyboard in Resources */ = {isa = PBXBuildFile; fileRef = FDC9D35E26AD2B6900C180CC /* LaunchScreen.storyboard */; };
		FDC9D36826AD46F100C180CC /* PinterestLayout.swift in Sources */ = {isa = PBXBuildFile; fileRef = FDC9D36726AD46F100C180CC /* PinterestLayout.swift */; };
		FDC9D36B26AD5E8000C180CC /* CollectionViewCell.swift in Sources */ = {isa = PBXBuildFile; fileRef = FDC9D36926AD5E8000C180CC /* CollectionViewCell.swift */; };
		FDC9D36C26AD5E8000C180CC /* CollectionViewCell.xib in Resources */ = {isa = PBXBuildFile; fileRef = FDC9D36A26AD5E8000C180CC /* CollectionViewCell.xib */; };
		FDC9D36F26AD6E9700C180CC /* SDWebImage in Frameworks */ = {isa = PBXBuildFile; productRef = FDC9D36E26AD6E9700C180CC /* SDWebImage */; };
		FDC9D37226AD747400C180CC /* User.swift in Sources */ = {isa = PBXBuildFile; fileRef = FDC9D37126AD747400C180CC /* User.swift */; };
/* End PBXBuildFile section */

/* Begin PBXFileReference section */
		FDC9D35026AD2B6500C180CC /* PinterestLayout.app */ = {isa = PBXFileReference; explicitFileType = wrapper.application; includeInIndex = 0; path = PinterestLayout.app; sourceTree = BUILT_PRODUCTS_DIR; };
		FDC9D35326AD2B6500C180CC /* AppDelegate.swift */ = {isa = PBXFileReference; lastKnownFileType = sourcecode.swift; path = AppDelegate.swift; sourceTree = "<group>"; };
		FDC9D35526AD2B6500C180CC /* SceneDelegate.swift */ = {isa = PBXFileReference; lastKnownFileType = sourcecode.swift; path = SceneDelegate.swift; sourceTree = "<group>"; };
		FDC9D35726AD2B6500C180CC /* ViewController.swift */ = {isa = PBXFileReference; lastKnownFileType = sourcecode.swift; path = ViewController.swift; sourceTree = "<group>"; };
		FDC9D35A26AD2B6500C180CC /* Base */ = {isa = PBXFileReference; lastKnownFileType = file.storyboard; name = Base; path = Base.lproj/Main.storyboard; sourceTree = "<group>"; };
		FDC9D35C26AD2B6900C180CC /* Assets.xcassets */ = {isa = PBXFileReference; lastKnownFileType = folder.assetcatalog; path = Assets.xcassets; sourceTree = "<group>"; };
		FDC9D35F26AD2B6900C180CC /* Base */ = {isa = PBXFileReference; lastKnownFileType = file.storyboard; name = Base; path = Base.lproj/LaunchScreen.storyboard; sourceTree = "<group>"; };
		FDC9D36126AD2B6900C180CC /* Info.plist */ = {isa = PBXFileReference; lastKnownFileType = text.plist.xml; path = Info.plist; sourceTree = "<group>"; };
		FDC9D36726AD46F100C180CC /* PinterestLayout.swift */ = {isa = PBXFileReference; lastKnownFileType = sourcecode.swift; path = PinterestLayout.swift; sourceTree = "<group>"; };
		FDC9D36926AD5E8000C180CC /* CollectionViewCell.swift */ = {isa = PBXFileReference; lastKnownFileType = sourcecode.swift; path = CollectionViewCell.swift; sourceTree = "<group>"; };
		FDC9D36A26AD5E8000C180CC /* CollectionViewCell.xib */ = {isa = PBXFileReference; lastKnownFileType = file.xib; path = CollectionViewCell.xib; sourceTree = "<group>"; };
		FDC9D37126AD747400C180CC /* User.swift */ = {isa = PBXFileReference; lastKnownFileType = sourcecode.swift; path = User.swift; sourceTree = "<group>"; };
/* End PBXFileReference section */

/* Begin PBXFrameworksBuildPhase section */
		FDC9D34D26AD2B6500C180CC /* Frameworks */ = {
			isa = PBXFrameworksBuildPhase;
			buildActionMask = 2147483647;
			files = (
				FDC9D36F26AD6E9700C180CC /* SDWebImage in Frameworks */,
			);
			runOnlyForDeploymentPostprocessing = 0;
		};
/* End PBXFrameworksBuildPhase section */

/* Begin PBXGroup section */
		FDC9D34726AD2B6500C180CC = {
			isa = PBXGroup;
			children = (
				FDC9D35226AD2B6500C180CC /* PinterestLayout */,
				FDC9D35126AD2B6500C180CC /* Products */,
			);
			sourceTree = "<group>";
		};
		FDC9D35126AD2B6500C180CC /* Products */ = {
			isa = PBXGroup;
			children = (
				FDC9D35026AD2B6500C180CC /* PinterestLayout.app */,
			);
			name = Products;
			sourceTree = "<group>";
		};
		FDC9D35226AD2B6500C180CC /* PinterestLayout */ = {
			isa = PBXGroup;
			children = (
				FDC9D37026AD746800C180CC /* Models */,
				FDC9D35326AD2B6500C180CC /* AppDelegate.swift */,
				FDC9D35526AD2B6500C180CC /* SceneDelegate.swift */,
				FDC9D35726AD2B6500C180CC /* ViewController.swift */,
				FDC9D35926AD2B6500C180CC /* Main.storyboard */,
				FDC9D35C26AD2B6900C180CC /* Assets.xcassets */,
				FDC9D35E26AD2B6900C180CC /* LaunchScreen.storyboard */,
				FDC9D36126AD2B6900C180CC /* Info.plist */,
				FDC9D36726AD46F100C180CC /* PinterestLayout.swift */,
				FDC9D36926AD5E8000C180CC /* CollectionViewCell.swift */,
				FDC9D36A26AD5E8000C180CC /* CollectionViewCell.xib */,
			);
			path = PinterestLayout;
			sourceTree = "<group>";
		};
		FDC9D37026AD746800C180CC /* Models */ = {
			isa = PBXGroup;
			children = (
				FDC9D37126AD747400C180CC /* User.swift */,
			);
			path = Models;
			sourceTree = "<group>";
		};
/* End PBXGroup section */

/* Begin PBXNativeTarget section */
		FDC9D34F26AD2B6500C180CC /* PinterestLayout */ = {
			isa = PBXNativeTarget;
			buildConfigurationList = FDC9D36426AD2B6900C180CC /* Build configuration list for PBXNativeTarget "PinterestLayout" */;
			buildPhases = (
				FDC9D34C26AD2B6500C180CC /* Sources */,
				FDC9D34D26AD2B6500C180CC /* Frameworks */,
				FDC9D34E26AD2B6500C180CC /* Resources */,
			);
			buildRules = (
			);
			dependencies = (
			);
			name = PinterestLayout;
			packageProductDependencies = (
				FDC9D36E26AD6E9700C180CC /* SDWebImage */,
			);
			productName = PinterestLayout;
			productReference = FDC9D35026AD2B6500C180CC /* PinterestLayout.app */;
			productType = "com.apple.product-type.application";
		};
/* End PBXNativeTarget section */

/* Begin PBXProject section */
		FDC9D34826AD2B6500C180CC /* Project object */ = {
			isa = PBXProject;
			attributes = {
				LastSwiftUpdateCheck = 1250;
				LastUpgradeCheck = 1250;
				TargetAttributes = {
					FDC9D34F26AD2B6500C180CC = {
						CreatedOnToolsVersion = 12.5.1;
					};
				};
			};
			buildConfigurationList = FDC9D34B26AD2B6500C180CC /* Build configuration list for PBXProject "PinterestLayout" */;
			compatibilityVersion = "Xcode 9.3";
			developmentRegion = en;
			hasScannedForEncodings = 0;
			knownRegions = (
				en,
				Base,
			);
			mainGroup = FDC9D34726AD2B6500C180CC;
			packageReferences = (
				FDC9D36D26AD6E9700C180CC /* XCRemoteSwiftPackageReference "SDWebImage" */,
			);
			productRefGroup = FDC9D35126AD2B6500C180CC /* Products */;
			projectDirPath = "";
			projectRoot = "";
			targets = (
				FDC9D34F26AD2B6500C180CC /* PinterestLayout */,
			);
		};
/* End PBXProject section */

/* Begin PBXResourcesBuildPhase section */
		FDC9D34E26AD2B6500C180CC /* Resources */ = {
			isa = PBXResourcesBuildPhase;
			buildActionMask = 2147483647;
			files = (
				FDC9D36026AD2B6900C180CC /* LaunchScreen.storyboard in Resources */,
				FDC9D35D26AD2B6900C180CC /* Assets.xcassets in Resources */,
				FDC9D36C26AD5E8000C180CC /* CollectionViewCell.xib in Resources */,
				FDC9D35B26AD2B6500C180CC /* Main.storyboard in Resources */,
			);
			runOnlyForDeploymentPostprocessing = 0;
		};
/* End PBXResourcesBuildPhase section */

/* Begin PBXSourcesBuildPhase section */
		FDC9D34C26AD2B6500C180CC /* Sources */ = {
			isa = PBXSourcesBuildPhase;
			buildActionMask = 2147483647;
			files = (
				FDC9D36B26AD5E8000C180CC /* CollectionViewCell.swift in Sources */,
				FDC9D36826AD46F100C180CC /* PinterestLayout.swift in Sources */,
				FDC9D37226AD747400C180CC /* User.swift in Sources */,
				FDC9D35826AD2B6500C180CC /* ViewController.swift in Sources */,
				FDC9D35426AD2B6500C180CC /* AppDelegate.swift in Sources */,
				FDC9D35626AD2B6500C180CC /* SceneDelegate.swift in Sources */,
			);
			runOnlyForDeploymentPostprocessing = 0;
		};
/* End PBXSourcesBuildPhase section */

/* Begin PBXVariantGroup section */
		FDC9D35926AD2B6500C180CC /* Main.storyboard */ = {
			isa = PBXVariantGroup;
			children = (
				FDC9D35A26AD2B6500C180CC /* Base */,
			);
			name = Main.storyboard;
			sourceTree = "<group>";
		};
		FDC9D35E26AD2B6900C180CC /* LaunchScreen.storyboard */ = {
			isa = PBXVariantGroup;
			children = (
				FDC9D35F26AD2B6900C180CC /* Base */,
			);
			name = LaunchScreen.storyboard;
			sourceTree = "<group>";
		};
/* End PBXVariantGroup section */

/* Begin XCBuildConfiguration section */
		FDC9D36226AD2B6900C180CC /* Debug */ = {
			isa = XCBuildConfiguration;
			buildSettings = {
				ALWAYS_SEARCH_USER_PATHS = NO;
				CLANG_ANALYZER_NONNULL = YES;
				CLANG_ANALYZER_NUMBER_OBJECT_CONVERSION = YES_AGGRESSIVE;
				CLANG_CXX_LANGUAGE_STANDARD = "gnu++14";
				CLANG_CXX_LIBRARY = "libc++";
				CLANG_ENABLE_MODULES = YES;
				CLANG_ENABLE_OBJC_ARC = YES;
				CLANG_ENABLE_OBJC_WEAK = YES;
				CLANG_WARN_BLOCK_CAPTURE_AUTORELEASING = YES;
				CLANG_WARN_BOOL_CONVERSION = YES;
				CLANG_WARN_COMMA = YES;
				CLANG_WARN_CONSTANT_CONVERSION = YES;
				CLANG_WARN_DEPRECATED_OBJC_IMPLEMENTATIONS = YES;
				CLANG_WARN_DIRECT_OBJC_ISA_USAGE = YES_ERROR;
				CLANG_WARN_DOCUMENTATION_COMMENTS = YES;
				CLANG_WARN_EMPTY_BODY = YES;
				CLANG_WARN_ENUM_CONVERSION = YES;
				CLANG_WARN_INFINITE_RECURSION = YES;
				CLANG_WARN_INT_CONVERSION = YES;
				CLANG_WARN_NON_LITERAL_NULL_CONVERSION = YES;
				CLANG_WARN_OBJC_IMPLICIT_RETAIN_SELF = YES;
				CLANG_WARN_OBJC_LITERAL_CONVERSION = YES;
				CLANG_WARN_OBJC_ROOT_CLASS = YES_ERROR;
				CLANG_WARN_QUOTED_INCLUDE_IN_FRAMEWORK_HEADER = YES;
				CLANG_WARN_RANGE_LOOP_ANALYSIS = YES;
				CLANG_WARN_STRICT_PROTOTYPES = YES;
				CLANG_WARN_SUSPICIOUS_MOVE = YES;
				CLANG_WARN_UNGUARDED_AVAILABILITY = YES_AGGRESSIVE;
				CLANG_WARN_UNREACHABLE_CODE = YES;
				CLANG_WARN__DUPLICATE_METHOD_MATCH = YES;
				COPY_PHASE_STRIP = NO;
				DEBUG_INFORMATION_FORMAT = dwarf;
				ENABLE_STRICT_OBJC_MSGSEND = YES;
				ENABLE_TESTABILITY = YES;
				GCC_C_LANGUAGE_STANDARD = gnu11;
				GCC_DYNAMIC_NO_PIC = NO;
				GCC_NO_COMMON_BLOCKS = YES;
				GCC_OPTIMIZATION_LEVEL = 0;
				GCC_PREPROCESSOR_DEFINITIONS = (
					"DEBUG=1",
					"$(inherited)",
				);
				GCC_WARN_64_TO_32_BIT_CONVERSION = YES;
				GCC_WARN_ABOUT_RETURN_TYPE = YES_ERROR;
				GCC_WARN_UNDECLARED_SELECTOR = YES;
				GCC_WARN_UNINITIALIZED_AUTOS = YES_AGGRESSIVE;
				GCC_WARN_UNUSED_FUNCTION = YES;
				GCC_WARN_UNUSED_VARIABLE = YES;
				IPHONEOS_DEPLOYMENT_TARGET = 14.5;
				MTL_ENABLE_DEBUG_INFO = INCLUDE_SOURCE;
				MTL_FAST_MATH = YES;
				ONLY_ACTIVE_ARCH = YES;
				SDKROOT = iphoneos;
				SWIFT_ACTIVE_COMPILATION_CONDITIONS = DEBUG;
				SWIFT_OPTIMIZATION_LEVEL = "-Onone";
			};
			name = Debug;
		};
		FDC9D36326AD2B6900C180CC /* Release */ = {
			isa = XCBuildConfiguration;
			buildSettings = {
				ALWAYS_SEARCH_USER_PATHS = NO;
				CLANG_ANALYZER_NONNULL = YES;
				CLANG_ANALYZER_NUMBER_OBJECT_CONVERSION = YES_AGGRESSIVE;
				CLANG_CXX_LANGUAGE_STANDARD = "gnu++14";
				CLANG_CXX_LIBRARY = "libc++";
				CLANG_ENABLE_MODULES = YES;
				CLANG_ENABLE_OBJC_ARC = YES;
				CLANG_ENABLE_OBJC_WEAK = YES;
				CLANG_WARN_BLOCK_CAPTURE_AUTORELEASING = YES;
				CLANG_WARN_BOOL_CONVERSION = YES;
				CLANG_WARN_COMMA = YES;
				CLANG_WARN_CONSTANT_CONVERSION = YES;
				CLANG_WARN_DEPRECATED_OBJC_IMPLEMENTATIONS = YES;
				CLANG_WARN_DIRECT_OBJC_ISA_USAGE = YES_ERROR;
				CLANG_WARN_DOCUMENTATION_COMMENTS = YES;
				CLANG_WARN_EMPTY_BODY = YES;
				CLANG_WARN_ENUM_CONVERSION = YES;
				CLANG_WARN_INFINITE_RECURSION = YES;
				CLANG_WARN_INT_CONVERSION = YES;
				CLANG_WARN_NON_LITERAL_NULL_CONVERSION = YES;
				CLANG_WARN_OBJC_IMPLICIT_RETAIN_SELF = YES;
				CLANG_WARN_OBJC_LITERAL_CONVERSION = YES;
				CLANG_WARN_OBJC_ROOT_CLASS = YES_ERROR;
				CLANG_WARN_QUOTED_INCLUDE_IN_FRAMEWORK_HEADER = YES;
				CLANG_WARN_RANGE_LOOP_ANALYSIS = YES;
				CLANG_WARN_STRICT_PROTOTYPES = YES;
				CLANG_WARN_SUSPICIOUS_MOVE = YES;
				CLANG_WARN_UNGUARDED_AVAILABILITY = YES_AGGRESSIVE;
				CLANG_WARN_UNREACHABLE_CODE = YES;
				CLANG_WARN__DUPLICATE_METHOD_MATCH = YES;
				COPY_PHASE_STRIP = NO;
				DEBUG_INFORMATION_FORMAT = "dwarf-with-dsym";
				ENABLE_NS_ASSERTIONS = NO;
				ENABLE_STRICT_OBJC_MSGSEND = YES;
				GCC_C_LANGUAGE_STANDARD = gnu11;
				GCC_NO_COMMON_BLOCKS = YES;
				GCC_WARN_64_TO_32_BIT_CONVERSION = YES;
				GCC_WARN_ABOUT_RETURN_TYPE = YES_ERROR;
				GCC_WARN_UNDECLARED_SELECTOR = YES;
				GCC_WARN_UNINITIALIZED_AUTOS = YES_AGGRESSIVE;
				GCC_WARN_UNUSED_FUNCTION = YES;
				GCC_WARN_UNUSED_VARIABLE = YES;
				IPHONEOS_DEPLOYMENT_TARGET = 14.5;
				MTL_ENABLE_DEBUG_INFO = NO;
				MTL_FAST_MATH = YES;
				SDKROOT = iphoneos;
				SWIFT_COMPILATION_MODE = wholemodule;
				SWIFT_OPTIMIZATION_LEVEL = "-O";
				VALIDATE_PRODUCT = YES;
			};
			name = Release;
		};
		FDC9D36526AD2B6900C180CC /* Debug */ = {
			isa = XCBuildConfiguration;
			buildSettings = {
				ASSETCATALOG_COMPILER_APPICON_NAME = AppIcon;
				ASSETCATALOG_COMPILER_GLOBAL_ACCENT_COLOR_NAME = AccentColor;
				CODE_SIGN_STYLE = Automatic;
				DEVELOPMENT_TEAM = H79RPXCYWU;
				INFOPLIST_FILE = PinterestLayout/Info.plist;
				LD_RUNPATH_SEARCH_PATHS = (
					"$(inherited)",
					"@executable_path/Frameworks",
				);
				PRODUCT_BUNDLE_IDENTIFIER = com.quangthai206.PinterestLayout;
				PRODUCT_NAME = "$(TARGET_NAME)";
				SWIFT_VERSION = 5.0;
				TARGETED_DEVICE_FAMILY = "1,2";
			};
			name = Debug;
		};
		FDC9D36626AD2B6900C180CC /* Release */ = {
			isa = XCBuildConfiguration;
			buildSettings = {
				ASSETCATALOG_COMPILER_APPICON_NAME = AppIcon;
				ASSETCATALOG_COMPILER_GLOBAL_ACCENT_COLOR_NAME = AccentColor;
				CODE_SIGN_STYLE = Automatic;
				DEVELOPMENT_TEAM = H79RPXCYWU;
				INFOPLIST_FILE = PinterestLayout/Info.plist;
				LD_RUNPATH_SEARCH_PATHS = (
					"$(inherited)",
					"@executable_path/Frameworks",
				);
				PRODUCT_BUNDLE_IDENTIFIER = com.quangthai206.PinterestLayout;
				PRODUCT_NAME = "$(TARGET_NAME)";
				SWIFT_VERSION = 5.0;
				TARGETED_DEVICE_FAMILY = "1,2";
			};
			name = Release;
		};
/* End XCBuildConfiguration section */

/* Begin XCConfigurationList section */
		FDC9D34B26AD2B6500C180CC /* Build configuration list for PBXProject "PinterestLayout" */ = {
			isa = XCConfigurationList;
			buildConfigurations = (
				FDC9D36226AD2B6900C180CC /* Debug */,
				FDC9D36326AD2B6900C180CC /* Release */,
			);
			defaultConfigurationIsVisible = 0;
			defaultConfigurationName = Release;
		};
		FDC9D36426AD2B6900C180CC /* Build configuration list for PBXNativeTarget "PinterestLayout" */ = {
			isa = XCConfigurationList;
			buildConfigurations = (
				FDC9D36526AD2B6900C180CC /* Debug */,
				FDC9D36626AD2B6900C180CC /* Release */,
			);
			defaultConfigurationIsVisible = 0;
			defaultConfigurationName = Release;
		};
/* End XCConfigurationList section */

/* Begin XCRemoteSwiftPackageReference section */
		FDC9D36D26AD6E9700C180CC /* XCRemoteSwiftPackageReference "SDWebImage" */ = {
			isa = XCRemoteSwiftPackageReference;
			repositoryURL = "https://github.com/SDWebImage/SDWebImage";
			requirement = {
				kind = upToNextMajorVersion;
				minimumVersion = 5.11.1;
			};
		};
/* End XCRemoteSwiftPackageReference section */

/* Begin XCSwiftPackageProductDependency section */
		FDC9D36E26AD6E9700C180CC /* SDWebImage */ = {
			isa = XCSwiftPackageProductDependency;
			package = FDC9D36D26AD6E9700C180CC /* XCRemoteSwiftPackageReference "SDWebImage" */;
			productName = SDWebImage;
		};
/* End XCSwiftPackageProductDependency section */
	};
	rootObject = FDC9D34826AD2B6500C180CC /* Project object */;
}
